
Microsoft Visual Studio Solution File, Format Version 12.00
# Visual Studio Version 17
VisualStudioVersion = 17.6.33815.320
MinimumVisualStudioVersion = 10.0.40219.1
Project("{2150E333-8FDC-42A3-9474-1A3956D46DE8}") = "Core", "Core", "{867E2499-054F-4CBE-81AD-A00C5762FF8F}"
EndProject
Project("{2150E333-8FDC-42A3-9474-1A3956D46DE8}") = "Infrastructure", "Infrastructure", "{48C1D835-9F54-4C42-AF59-440AB9F9C911}"
EndProject
Project("{2150E333-8FDC-42A3-9474-1A3956D46DE8}") = "Presentation", "Presentation", "{84A22C39-5E29-4C07-AE2C-A3D07260B305}"
EndProject
Project("{2150E333-8FDC-42A3-9474-1A3956D46DE8}") = "Tests", "Tests", "{3956B4FE-F318-414A-800F-7EC35883F3CF}"
EndProject
Project("{FAE04EC0-301F-11D3-BF4B-00C04F79EFBC}") = "Messaging", "Messaging\Messaging.csproj", "{F42ED047-CDE4-4508-9613-CB0FEF1AD59A}"
EndProject
Project("{FAE04EC0-301F-11D3-BF4B-00C04F79EFBC}") = "Application", "Application\Application.csproj", "{2A79F9AE-B48A-4F91-ADBD-56032162323E}"
EndProject
Project("{FAE04EC0-301F-11D3-BF4B-00C04F79EFBC}") = "API", "API\API.csproj", "{3B36124D-320B-4B0F-A447-BDB0F80118E2}"
EndProject
Global
	GlobalSection(SolutionConfigurationPlatforms) = preSolution
		Debug|Any CPU = Debug|Any CPU
		Release|Any CPU = Release|Any CPU
	EndGlobalSection
	GlobalSection(ProjectConfigurationPlatforms) = postSolution
		{F42ED047-CDE4-4508-9613-CB0FEF1AD59A}.Debug|Any CPU.ActiveCfg = Debug|Any CPU
		{F42ED047-CDE4-4508-9613-CB0FEF1AD59A}.Debug|Any CPU.Build.0 = Debug|Any CPU
		{F42ED047-CDE4-4508-9613-CB0FEF1AD59A}.Release|Any CPU.ActiveCfg = Release|Any CPU
		{F42ED047-CDE4-4508-9613-CB0FEF1AD59A}.Release|Any CPU.Build.0 = Release|Any CPU
		{2A79F9AE-B48A-4F91-ADBD-56032162323E}.Debug|Any CPU.ActiveCfg = Debug|Any CPU
		{2A79F9AE-B48A-4F91-ADBD-56032162323E}.Debug|Any CPU.Build.0 = Debug|Any CPU
		{2A79F9AE-B48A-4F91-ADBD-56032162323E}.Release|Any CPU.ActiveCfg = Release|Any CPU
		{2A79F9AE-B48A-4F91-ADBD-56032162323E}.Release|Any CPU.Build.0 = Release|Any CPU
		{3B36124D-320B-4B0F-A447-BDB0F80118E2}.Debug|Any CPU.ActiveCfg = Debug|Any CPU
		{3B36124D-320B-4B0F-A447-BDB0F80118E2}.Debug|Any CPU.Build.0 = Debug|Any CPU
		{3B36124D-320B-4B0F-A447-BDB0F80118E2}.Release|Any CPU.ActiveCfg = Release|Any CPU
		{3B36124D-320B-4B0F-A447-BDB0F80118E2}.Release|Any CPU.Build.0 = Release|Any CPU
	EndGlobalSection
	GlobalSection(SolutionProperties) = preSolution
		HideSolutionNode = FALSE
	EndGlobalSection
	GlobalSection(NestedProjects) = preSolution
		{F42ED047-CDE4-4508-9613-CB0FEF1AD59A} = {48C1D835-9F54-4C42-AF59-440AB9F9C911}
		{2A79F9AE-B48A-4F91-ADBD-56032162323E} = {867E2499-054F-4CBE-81AD-A00C5762FF8F}
		{3B36124D-320B-4B0F-A447-BDB0F80118E2} = {84A22C39-5E29-4C07-AE2C-A3D07260B305}
	EndGlobalSection
	GlobalSection(ExtensibilityGlobals) = postSolution
		SolutionGuid = {1F2DD016-98FE-4C16-B2D9-CA302805DEAF}
	EndGlobalSection
EndGlobal
