
Microsoft Visual Studio Solution File, Format Version 12.00
# Visual Studio Version 17
VisualStudioVersion = 17.6.33815.320
MinimumVisualStudioVersion = 10.0.40219.1
Project("{2150E333-8FDC-42A3-9474-1A3956D46DE8}") = "Core", "Core", "{867E2499-054F-4CBE-81AD-A00C5762FF8F}"
EndProject
Project("{2150E333-8FDC-42A3-9474-1A3956D46DE8}") = "Infrastructure", "Infrastructure", "{48C1D835-9F54-4C42-AF59-440AB9F9C911}"
EndProject
Project("{2150E333-8FDC-42A3-9474-1A3956D46DE8}") = "Presentation", "Presentation", "{84A22C39-5E29-4C07-AE2C-A3D07260B305}"
EndProject
Project("{2150E333-8FDC-42A3-9474-1A3956D46DE8}") = "Tests", "Tests", "{3956B4FE-F318-414A-800F-7EC35883F3CF}"
EndProject
Project("{9A19103F-16F7-4668-BE54-9A1E7A4F7556}") = "API", "API\API.csproj", "{2B855E83-19F7-4655-B617-CC52C7E1591B}"
EndProject
Project("{9A19103F-16F7-4668-BE54-9A1E7A4F7556}") = "UnitTests", "UnitTests\UnitTests.csproj", "{1EFA54A9-AA1A-46B7-8B71-E0E1B7E60799}"
EndProject
Project("{9A19103F-16F7-4668-BE54-9A1E7A4F7556}") = "IntegrationTests", "IntegrationTests\IntegrationTests.csproj", "{246BA1F1-0C3C-4240-8C9A-FCA007C6C6A8}"
EndProject
Global
	GlobalSection(SolutionConfigurationPlatforms) = preSolution
		Debug|Any CPU = Debug|Any CPU
		Release|Any CPU = Release|Any CPU
	EndGlobalSection
	GlobalSection(ProjectConfigurationPlatforms) = postSolution
		{2B855E83-19F7-4655-B617-CC52C7E1591B}.Debug|Any CPU.ActiveCfg = Debug|Any CPU
		{2B855E83-19F7-4655-B617-CC52C7E1591B}.Debug|Any CPU.Build.0 = Debug|Any CPU
		{2B855E83-19F7-4655-B617-CC52C7E1591B}.Release|Any CPU.ActiveCfg = Release|Any CPU
		{2B855E83-19F7-4655-B617-CC52C7E1591B}.Release|Any CPU.Build.0 = Release|Any CPU
		{1EFA54A9-AA1A-46B7-8B71-E0E1B7E60799}.Debug|Any CPU.ActiveCfg = Debug|Any CPU
		{1EFA54A9-AA1A-46B7-8B71-E0E1B7E60799}.Debug|Any CPU.Build.0 = Debug|Any CPU
		{1EFA54A9-AA1A-46B7-8B71-E0E1B7E60799}.Release|Any CPU.ActiveCfg = Release|Any CPU
		{1EFA54A9-AA1A-46B7-8B71-E0E1B7E60799}.Release|Any CPU.Build.0 = Release|Any CPU
		{246BA1F1-0C3C-4240-8C9A-FCA007C6C6A8}.Debug|Any CPU.ActiveCfg = Debug|Any CPU
		{246BA1F1-0C3C-4240-8C9A-FCA007C6C6A8}.Debug|Any CPU.Build.0 = Debug|Any CPU
		{246BA1F1-0C3C-4240-8C9A-FCA007C6C6A8}.Release|Any CPU.ActiveCfg = Release|Any CPU
		{246BA1F1-0C3C-4240-8C9A-FCA007C6C6A8}.Release|Any CPU.Build.0 = Release|Any CPU
	EndGlobalSection
	GlobalSection(SolutionProperties) = preSolution
		HideSolutionNode = FALSE
	EndGlobalSection
	GlobalSection(NestedProjects) = preSolution
		{2B855E83-19F7-4655-B617-CC52C7E1591B} = {84A22C39-5E29-4C07-AE2C-A3D07260B305}
		{1EFA54A9-AA1A-46B7-8B71-E0E1B7E60799} = {3956B4FE-F318-414A-800F-7EC35883F3CF}
		{246BA1F1-0C3C-4240-8C9A-FCA007C6C6A8} = {3956B4FE-F318-414A-800F-7EC35883F3CF}
	EndGlobalSection
	GlobalSection(ExtensibilityGlobals) = postSolution
		SolutionGuid = {1F2DD016-98FE-4C16-B2D9-CA302805DEAF}
	EndGlobalSection
EndGlobal
