
Microsoft Visual Studio Solution File, Format Version 12.00
# Visual Studio Version 17
VisualStudioVersion = 17.5.33424.131
MinimumVisualStudioVersion = 10.0.40219.1
Project("{2150E333-8FDC-42A3-9474-1A3956D46DE8}") = "Core", "Core", "{28EFE496-24B5-4206-B945-705E4E486D3A}"
EndProject
Project("{9A19103F-16F7-4668-BE54-9A1E7A4F7556}") = "Application", "Application\Application.csproj", "{A9BB3A9A-6DF1-4E7C-87E3-22D3E2083A89}"
EndProject
Project("{9A19103F-16F7-4668-BE54-9A1E7A4F7556}") = "Domain", "Domain\Domain.csproj", "{EAB35EBF-ED6F-421C-AB0E-B2B96D573020}"
EndProject
Project("{2150E333-8FDC-42A3-9474-1A3956D46DE8}") = "Infrastructure", "Infrastructure", "{46D6E74A-5B70-4CD9-9AFB-8449772A6F25}"
EndProject
Project("{2150E333-8FDC-42A3-9474-1A3956D46DE8}") = "Presentation", "Presentation", "{B63C2EBE-8018-4096-8F25-B9416BFFE283}"
EndProject
Project("{9A19103F-16F7-4668-BE54-9A1E7A4F7556}") = "ProductsClient", "ProductsClient\ProductsClient.csproj", "{C8B4C8D2-81B8-4179-993B-F4FF6662835B}"
EndProject
Project("{9A19103F-16F7-4668-BE54-9A1E7A4F7556}") = "Search", "Search\Search.csproj", "{09B8F564-A778-4C4A-BED4-1AD52AD37189}"
EndProject
Project("{9A19103F-16F7-4668-BE54-9A1E7A4F7556}") = "Mapper", "Mapper\Mapper.csproj", "{7828D37A-5491-4779-B601-9EA68B0870DF}"
EndProject
Project("{2150E333-8FDC-42A3-9474-1A3956D46DE8}") = "Tests", "Tests", "{ED9FB4FB-FF1A-4A6A-90AC-C70D781AF1EA}"
EndProject
Project("{9A19103F-16F7-4668-BE54-9A1E7A4F7556}") = "Indexer", "Indexer\Indexer.csproj", "{DA3B5DE0-E9E1-45DA-B9B2-621E01B8F300}"
EndProject
Project("{9A19103F-16F7-4668-BE54-9A1E7A4F7556}") = "UnitTests", "UnitTests\UnitTests.csproj", "{9623F217-06E0-42FC-A851-A5C11C9C1227}"
EndProject
Project("{9A19103F-16F7-4668-BE54-9A1E7A4F7556}") = "IntegrationTests", "IntegrationTests\IntegrationTests.csproj", "{0B62B335-0BCD-4EEF-B369-35F41B8EF5E0}"
EndProject
Project("{FAE04EC0-301F-11D3-BF4B-00C04F79EFBC}") = "Indexing", "Indexing\Indexing.csproj", "{6AD166BB-BE4D-4BD1-8171-23CBED9F3D1B}"
EndProject
Global
	GlobalSection(SolutionConfigurationPlatforms) = preSolution
		Debug|Any CPU = Debug|Any CPU
		Release|Any CPU = Release|Any CPU
	EndGlobalSection
	GlobalSection(ProjectConfigurationPlatforms) = postSolution
		{A9BB3A9A-6DF1-4E7C-87E3-22D3E2083A89}.Debug|Any CPU.ActiveCfg = Debug|Any CPU
		{A9BB3A9A-6DF1-4E7C-87E3-22D3E2083A89}.Debug|Any CPU.Build.0 = Debug|Any CPU
		{A9BB3A9A-6DF1-4E7C-87E3-22D3E2083A89}.Release|Any CPU.ActiveCfg = Release|Any CPU
		{A9BB3A9A-6DF1-4E7C-87E3-22D3E2083A89}.Release|Any CPU.Build.0 = Release|Any CPU
		{EAB35EBF-ED6F-421C-AB0E-B2B96D573020}.Debug|Any CPU.ActiveCfg = Debug|Any CPU
		{EAB35EBF-ED6F-421C-AB0E-B2B96D573020}.Debug|Any CPU.Build.0 = Debug|Any CPU
		{EAB35EBF-ED6F-421C-AB0E-B2B96D573020}.Release|Any CPU.ActiveCfg = Release|Any CPU
		{EAB35EBF-ED6F-421C-AB0E-B2B96D573020}.Release|Any CPU.Build.0 = Release|Any CPU
		{C8B4C8D2-81B8-4179-993B-F4FF6662835B}.Debug|Any CPU.ActiveCfg = Debug|Any CPU
		{C8B4C8D2-81B8-4179-993B-F4FF6662835B}.Debug|Any CPU.Build.0 = Debug|Any CPU
		{C8B4C8D2-81B8-4179-993B-F4FF6662835B}.Release|Any CPU.ActiveCfg = Release|Any CPU
		{C8B4C8D2-81B8-4179-993B-F4FF6662835B}.Release|Any CPU.Build.0 = Release|Any CPU
		{09B8F564-A778-4C4A-BED4-1AD52AD37189}.Debug|Any CPU.ActiveCfg = Debug|Any CPU
		{09B8F564-A778-4C4A-BED4-1AD52AD37189}.Debug|Any CPU.Build.0 = Debug|Any CPU
		{09B8F564-A778-4C4A-BED4-1AD52AD37189}.Release|Any CPU.ActiveCfg = Release|Any CPU
		{09B8F564-A778-4C4A-BED4-1AD52AD37189}.Release|Any CPU.Build.0 = Release|Any CPU
		{7828D37A-5491-4779-B601-9EA68B0870DF}.Debug|Any CPU.ActiveCfg = Debug|Any CPU
		{7828D37A-5491-4779-B601-9EA68B0870DF}.Debug|Any CPU.Build.0 = Debug|Any CPU
		{7828D37A-5491-4779-B601-9EA68B0870DF}.Release|Any CPU.ActiveCfg = Release|Any CPU
		{7828D37A-5491-4779-B601-9EA68B0870DF}.Release|Any CPU.Build.0 = Release|Any CPU
		{DA3B5DE0-E9E1-45DA-B9B2-621E01B8F300}.Debug|Any CPU.ActiveCfg = Debug|Any CPU
		{DA3B5DE0-E9E1-45DA-B9B2-621E01B8F300}.Debug|Any CPU.Build.0 = Debug|Any CPU
		{DA3B5DE0-E9E1-45DA-B9B2-621E01B8F300}.Release|Any CPU.ActiveCfg = Release|Any CPU
		{DA3B5DE0-E9E1-45DA-B9B2-621E01B8F300}.Release|Any CPU.Build.0 = Release|Any CPU
		{9623F217-06E0-42FC-A851-A5C11C9C1227}.Debug|Any CPU.ActiveCfg = Debug|Any CPU
		{9623F217-06E0-42FC-A851-A5C11C9C1227}.Debug|Any CPU.Build.0 = Debug|Any CPU
		{9623F217-06E0-42FC-A851-A5C11C9C1227}.Release|Any CPU.ActiveCfg = Release|Any CPU
		{9623F217-06E0-42FC-A851-A5C11C9C1227}.Release|Any CPU.Build.0 = Release|Any CPU
		{0B62B335-0BCD-4EEF-B369-35F41B8EF5E0}.Debug|Any CPU.ActiveCfg = Debug|Any CPU
		{0B62B335-0BCD-4EEF-B369-35F41B8EF5E0}.Debug|Any CPU.Build.0 = Debug|Any CPU
		{0B62B335-0BCD-4EEF-B369-35F41B8EF5E0}.Release|Any CPU.ActiveCfg = Release|Any CPU
		{0B62B335-0BCD-4EEF-B369-35F41B8EF5E0}.Release|Any CPU.Build.0 = Release|Any CPU
		{6AD166BB-BE4D-4BD1-8171-23CBED9F3D1B}.Debug|Any CPU.ActiveCfg = Debug|Any CPU
		{6AD166BB-BE4D-4BD1-8171-23CBED9F3D1B}.Debug|Any CPU.Build.0 = Debug|Any CPU
		{6AD166BB-BE4D-4BD1-8171-23CBED9F3D1B}.Release|Any CPU.ActiveCfg = Release|Any CPU
		{6AD166BB-BE4D-4BD1-8171-23CBED9F3D1B}.Release|Any CPU.Build.0 = Release|Any CPU
	EndGlobalSection
	GlobalSection(SolutionProperties) = preSolution
		HideSolutionNode = FALSE
	EndGlobalSection
	GlobalSection(NestedProjects) = preSolution
		{A9BB3A9A-6DF1-4E7C-87E3-22D3E2083A89} = {28EFE496-24B5-4206-B945-705E4E486D3A}
		{EAB35EBF-ED6F-421C-AB0E-B2B96D573020} = {28EFE496-24B5-4206-B945-705E4E486D3A}
		{C8B4C8D2-81B8-4179-993B-F4FF6662835B} = {46D6E74A-5B70-4CD9-9AFB-8449772A6F25}
		{09B8F564-A778-4C4A-BED4-1AD52AD37189} = {46D6E74A-5B70-4CD9-9AFB-8449772A6F25}
		{7828D37A-5491-4779-B601-9EA68B0870DF} = {46D6E74A-5B70-4CD9-9AFB-8449772A6F25}
		{DA3B5DE0-E9E1-45DA-B9B2-621E01B8F300} = {B63C2EBE-8018-4096-8F25-B9416BFFE283}
		{9623F217-06E0-42FC-A851-A5C11C9C1227} = {ED9FB4FB-FF1A-4A6A-90AC-C70D781AF1EA}
		{0B62B335-0BCD-4EEF-B369-35F41B8EF5E0} = {ED9FB4FB-FF1A-4A6A-90AC-C70D781AF1EA}
		{6AD166BB-BE4D-4BD1-8171-23CBED9F3D1B} = {B63C2EBE-8018-4096-8F25-B9416BFFE283}
	EndGlobalSection
	GlobalSection(ExtensibilityGlobals) = postSolution
		SolutionGuid = {FE3DE82E-3FBD-42B3-B9A0-2C01045024A3}
	EndGlobalSection
EndGlobal
