
Microsoft Visual Studio Solution File, Format Version 12.00
# Visual Studio Version 17
VisualStudioVersion = 17.8.34227.203
MinimumVisualStudioVersion = 10.0.40219.1
Project("{9A19103F-16F7-4668-BE54-9A1E7A4F7556}") = "Library", "Library\Library.csproj", "{C6C55EF7-DCA0-47A5-B14E-D217B1FCE3C5}"
EndProject
Project("{FAE04EC0-301F-11D3-BF4B-00C04F79EFBC}") = "Tests", "Tests\Tests.csproj", "{5CC9D0EB-DBC9-4CFD-86CE-DF6CE421BC8C}"
EndProject
Global
	GlobalSection(SolutionConfigurationPlatforms) = preSolution
		Debug|Any CPU = Debug|Any CPU
		Release|Any CPU = Release|Any CPU
	EndGlobalSection
	GlobalSection(ProjectConfigurationPlatforms) = postSolution
		{C6C55EF7-DCA0-47A5-B14E-D217B1FCE3C5}.Debug|Any CPU.ActiveCfg = Debug|Any CPU
		{C6C55EF7-DCA0-47A5-B14E-D217B1FCE3C5}.Debug|Any CPU.Build.0 = Debug|Any CPU
		{C6C55EF7-DCA0-47A5-B14E-D217B1FCE3C5}.Release|Any CPU.ActiveCfg = Release|Any CPU
		{C6C55EF7-DCA0-47A5-B14E-D217B1FCE3C5}.Release|Any CPU.Build.0 = Release|Any CPU
		{5CC9D0EB-DBC9-4CFD-86CE-DF6CE421BC8C}.Debug|Any CPU.ActiveCfg = Debug|Any CPU
		{5CC9D0EB-DBC9-4CFD-86CE-DF6CE421BC8C}.Debug|Any CPU.Build.0 = Debug|Any CPU
		{5CC9D0EB-DBC9-4CFD-86CE-DF6CE421BC8C}.Release|Any CPU.ActiveCfg = Release|Any CPU
		{5CC9D0EB-DBC9-4CFD-86CE-DF6CE421BC8C}.Release|Any CPU.Build.0 = Release|Any CPU
	EndGlobalSection
	GlobalSection(SolutionProperties) = preSolution
		HideSolutionNode = FALSE
	EndGlobalSection
	GlobalSection(ExtensibilityGlobals) = postSolution
		SolutionGuid = {D11B67FC-5022-459B-BC4F-18CEA74CA2AE}
	EndGlobalSection
EndGlobal
