
Microsoft Visual Studio Solution File, Format Version 12.00
# Visual Studio Version 17
VisualStudioVersion = 17.4.33213.308
MinimumVisualStudioVersion = 10.0.40219.1
Project("{2150E333-8FDC-42A3-9474-1A3956D46DE8}") = "Infrastructure", "Infrastructure", "{7DC67F05-0916-463F-9350-5D02774E3EE1}"
EndProject
Project("{2150E333-8FDC-42A3-9474-1A3956D46DE8}") = "Core", "Core", "{10F04122-3E59-4681-A2F6-CB502AE0C621}"
EndProject
Project("{2150E333-8FDC-42A3-9474-1A3956D46DE8}") = "Presentation", "Presentation", "{C0434576-9040-4E59-A5BD-B1911FF69843}"
EndProject
Project("{9A19103F-16F7-4668-BE54-9A1E7A4F7556}") = "Application", "Application\Application.csproj", "{D3C193EE-3CDB-4C79-B6A3-3CFB095F10AE}"
EndProject
Project("{9A19103F-16F7-4668-BE54-9A1E7A4F7556}") = "Domain", "Domain\Domain.csproj", "{453EA7E7-D105-49CD-881C-1CD7DD04E9F1}"
EndProject
Project("{9A19103F-16F7-4668-BE54-9A1E7A4F7556}") = "Persistence", "Persistence\Persistence.csproj", "{240F99F1-7C3E-4F55-AE2F-5266711882EF}"
EndProject
Project("{9A19103F-16F7-4668-BE54-9A1E7A4F7556}") = "Generator", "Generator\Generator.csproj", "{E84447D1-DE35-4F6C-8C40-221D6E11E28A}"
EndProject
Project("{2150E333-8FDC-42A3-9474-1A3956D46DE8}") = "Tests", "Tests", "{70D96A9A-9281-46FD-B11C-0F3C39E1445A}"
EndProject
Project("{9A19103F-16F7-4668-BE54-9A1E7A4F7556}") = "Mapper", "Mapper\Mapper.csproj", "{A189200D-0479-4162-8C6D-56C6CE61D2BE}"
EndProject
Project("{9A19103F-16F7-4668-BE54-9A1E7A4F7556}") = "Consumer", "Consumer\Consumer.csproj", "{8870CE8A-173C-486A-849A-F770EBF34088}"
EndProject
Project("{9A19103F-16F7-4668-BE54-9A1E7A4F7556}") = "Listener", "Listener\Listener.csproj", "{2C34EA66-7106-4746-B024-B1155645B6EC}"
EndProject
Project("{FAE04EC0-301F-11D3-BF4B-00C04F79EFBC}") = "UnitTests", "UnitTests\UnitTests.csproj", "{8BCE7ABF-4FE9-4578-A301-6EFBE48566CE}"
EndProject
Global
	GlobalSection(SolutionConfigurationPlatforms) = preSolution
		Debug|Any CPU = Debug|Any CPU
		Release|Any CPU = Release|Any CPU
	EndGlobalSection
	GlobalSection(ProjectConfigurationPlatforms) = postSolution
		{D3C193EE-3CDB-4C79-B6A3-3CFB095F10AE}.Debug|Any CPU.ActiveCfg = Debug|Any CPU
		{D3C193EE-3CDB-4C79-B6A3-3CFB095F10AE}.Debug|Any CPU.Build.0 = Debug|Any CPU
		{D3C193EE-3CDB-4C79-B6A3-3CFB095F10AE}.Release|Any CPU.ActiveCfg = Release|Any CPU
		{D3C193EE-3CDB-4C79-B6A3-3CFB095F10AE}.Release|Any CPU.Build.0 = Release|Any CPU
		{453EA7E7-D105-49CD-881C-1CD7DD04E9F1}.Debug|Any CPU.ActiveCfg = Debug|Any CPU
		{453EA7E7-D105-49CD-881C-1CD7DD04E9F1}.Debug|Any CPU.Build.0 = Debug|Any CPU
		{453EA7E7-D105-49CD-881C-1CD7DD04E9F1}.Release|Any CPU.ActiveCfg = Release|Any CPU
		{453EA7E7-D105-49CD-881C-1CD7DD04E9F1}.Release|Any CPU.Build.0 = Release|Any CPU
		{240F99F1-7C3E-4F55-AE2F-5266711882EF}.Debug|Any CPU.ActiveCfg = Debug|Any CPU
		{240F99F1-7C3E-4F55-AE2F-5266711882EF}.Debug|Any CPU.Build.0 = Debug|Any CPU
		{240F99F1-7C3E-4F55-AE2F-5266711882EF}.Release|Any CPU.ActiveCfg = Release|Any CPU
		{240F99F1-7C3E-4F55-AE2F-5266711882EF}.Release|Any CPU.Build.0 = Release|Any CPU
		{E84447D1-DE35-4F6C-8C40-221D6E11E28A}.Debug|Any CPU.ActiveCfg = Debug|Any CPU
		{E84447D1-DE35-4F6C-8C40-221D6E11E28A}.Debug|Any CPU.Build.0 = Debug|Any CPU
		{E84447D1-DE35-4F6C-8C40-221D6E11E28A}.Release|Any CPU.ActiveCfg = Release|Any CPU
		{E84447D1-DE35-4F6C-8C40-221D6E11E28A}.Release|Any CPU.Build.0 = Release|Any CPU
		{A189200D-0479-4162-8C6D-56C6CE61D2BE}.Debug|Any CPU.ActiveCfg = Debug|Any CPU
		{A189200D-0479-4162-8C6D-56C6CE61D2BE}.Debug|Any CPU.Build.0 = Debug|Any CPU
		{A189200D-0479-4162-8C6D-56C6CE61D2BE}.Release|Any CPU.ActiveCfg = Release|Any CPU
		{A189200D-0479-4162-8C6D-56C6CE61D2BE}.Release|Any CPU.Build.0 = Release|Any CPU
		{8870CE8A-173C-486A-849A-F770EBF34088}.Debug|Any CPU.ActiveCfg = Debug|Any CPU
		{8870CE8A-173C-486A-849A-F770EBF34088}.Debug|Any CPU.Build.0 = Debug|Any CPU
		{8870CE8A-173C-486A-849A-F770EBF34088}.Release|Any CPU.ActiveCfg = Release|Any CPU
		{8870CE8A-173C-486A-849A-F770EBF34088}.Release|Any CPU.Build.0 = Release|Any CPU
		{2C34EA66-7106-4746-B024-B1155645B6EC}.Debug|Any CPU.ActiveCfg = Debug|Any CPU
		{2C34EA66-7106-4746-B024-B1155645B6EC}.Debug|Any CPU.Build.0 = Debug|Any CPU
		{2C34EA66-7106-4746-B024-B1155645B6EC}.Release|Any CPU.ActiveCfg = Release|Any CPU
		{2C34EA66-7106-4746-B024-B1155645B6EC}.Release|Any CPU.Build.0 = Release|Any CPU
		{8BCE7ABF-4FE9-4578-A301-6EFBE48566CE}.Debug|Any CPU.ActiveCfg = Debug|Any CPU
		{8BCE7ABF-4FE9-4578-A301-6EFBE48566CE}.Debug|Any CPU.Build.0 = Debug|Any CPU
		{8BCE7ABF-4FE9-4578-A301-6EFBE48566CE}.Release|Any CPU.ActiveCfg = Release|Any CPU
		{8BCE7ABF-4FE9-4578-A301-6EFBE48566CE}.Release|Any CPU.Build.0 = Release|Any CPU
	EndGlobalSection
	GlobalSection(SolutionProperties) = preSolution
		HideSolutionNode = FALSE
	EndGlobalSection
	GlobalSection(NestedProjects) = preSolution
		{D3C193EE-3CDB-4C79-B6A3-3CFB095F10AE} = {10F04122-3E59-4681-A2F6-CB502AE0C621}
		{453EA7E7-D105-49CD-881C-1CD7DD04E9F1} = {10F04122-3E59-4681-A2F6-CB502AE0C621}
		{240F99F1-7C3E-4F55-AE2F-5266711882EF} = {7DC67F05-0916-463F-9350-5D02774E3EE1}
		{E84447D1-DE35-4F6C-8C40-221D6E11E28A} = {7DC67F05-0916-463F-9350-5D02774E3EE1}
		{A189200D-0479-4162-8C6D-56C6CE61D2BE} = {7DC67F05-0916-463F-9350-5D02774E3EE1}
		{8870CE8A-173C-486A-849A-F770EBF34088} = {7DC67F05-0916-463F-9350-5D02774E3EE1}
		{2C34EA66-7106-4746-B024-B1155645B6EC} = {C0434576-9040-4E59-A5BD-B1911FF69843}
		{8BCE7ABF-4FE9-4578-A301-6EFBE48566CE} = {70D96A9A-9281-46FD-B11C-0F3C39E1445A}
	EndGlobalSection
	GlobalSection(ExtensibilityGlobals) = postSolution
		SolutionGuid = {9CA2E463-8133-4529-98DB-D984BCBC5967}
	EndGlobalSection
EndGlobal
